
Microsoft Visual Studio Solution File, Format Version 12.00
# Visual Studio Version 16
VisualStudioVersion = 16.0.31019.194
MinimumVisualStudioVersion = 15.0.26124.0
Project("{2150E333-8FDC-42A3-9474-1A3956D46DE8}") = "Solution Items", "Solution Items", "{08008FF5-3C03-4AA4-9CB7-2743966B9D97}"
	ProjectSection(SolutionItems) = preProject
		.editorconfig = .editorconfig
		.gitattributes = .gitattributes
		.gitignore = .gitignore
		Directory.Build.props = Directory.Build.props
		Directory.Build.targets = Directory.Build.targets
		Directory.Meta.props = Directory.Meta.props
		LICENSE = LICENSE
	EndProjectSection
EndProject
Project("{2150E333-8FDC-42A3-9474-1A3956D46DE8}") = "src", "src", "{333B5A67-4CD8-4C39-B1B2-6038620B05E5}"
EndProject
Project("{FAE04EC0-301F-11D3-BF4B-00C04F79EFBC}") = "THNETII.HashLnk", "src\THNETII.HashLnk\THNETII.HashLnk.csproj", "{C44E3E9A-9F89-4210-A024-6DED1715E6CF}"
EndProject
Global
	GlobalSection(SolutionConfigurationPlatforms) = preSolution
		Debug|Any CPU = Debug|Any CPU
		Debug|x64 = Debug|x64
		Debug|x86 = Debug|x86
		Release|Any CPU = Release|Any CPU
		Release|x64 = Release|x64
		Release|x86 = Release|x86
	EndGlobalSection
	GlobalSection(SolutionProperties) = preSolution
		HideSolutionNode = FALSE
	EndGlobalSection
	GlobalSection(ExtensibilityGlobals) = postSolution
		SolutionGuid = {B015903F-BFD6-48A9-BAFA-43B9C1118A3F}
	EndGlobalSection
	GlobalSection(ProjectConfigurationPlatforms) = postSolution
		{C44E3E9A-9F89-4210-A024-6DED1715E6CF}.Debug|Any CPU.ActiveCfg = Debug|Any CPU
		{C44E3E9A-9F89-4210-A024-6DED1715E6CF}.Debug|Any CPU.Build.0 = Debug|Any CPU
		{C44E3E9A-9F89-4210-A024-6DED1715E6CF}.Debug|x64.ActiveCfg = Debug|Any CPU
		{C44E3E9A-9F89-4210-A024-6DED1715E6CF}.Debug|x64.Build.0 = Debug|Any CPU
		{C44E3E9A-9F89-4210-A024-6DED1715E6CF}.Debug|x86.ActiveCfg = Debug|Any CPU
		{C44E3E9A-9F89-4210-A024-6DED1715E6CF}.Debug|x86.Build.0 = Debug|Any CPU
		{C44E3E9A-9F89-4210-A024-6DED1715E6CF}.Release|Any CPU.ActiveCfg = Release|Any CPU
		{C44E3E9A-9F89-4210-A024-6DED1715E6CF}.Release|Any CPU.Build.0 = Release|Any CPU
		{C44E3E9A-9F89-4210-A024-6DED1715E6CF}.Release|x64.ActiveCfg = Release|Any CPU
		{C44E3E9A-9F89-4210-A024-6DED1715E6CF}.Release|x64.Build.0 = Release|Any CPU
		{C44E3E9A-9F89-4210-A024-6DED1715E6CF}.Release|x86.ActiveCfg = Release|Any CPU
		{C44E3E9A-9F89-4210-A024-6DED1715E6CF}.Release|x86.Build.0 = Release|Any CPU
	EndGlobalSection
	GlobalSection(NestedProjects) = preSolution
		{C44E3E9A-9F89-4210-A024-6DED1715E6CF} = {333B5A67-4CD8-4C39-B1B2-6038620B05E5}
	EndGlobalSection
EndGlobal
